// !$*UTF8*$!
{
	archiveVersion = 1;
	classes = {
	};
	objectVersion = 77;
	objects = {

/* Begin PBXContainerItemProxy section */
		7BFB7AE4304DE0AB00220DC6 /* PBXContainerItemProxy */ = {
			isa = PBXContainerItemProxy;
			containerPortal = 7BFB7ACA304DE0A900220DC6 /* Project object */;
			proxyType = 1;
			remoteGlobalIDString = 7BFB7AD1304DE0A900220DC6;
			remoteInfo = Forward;
		};
		7BFB7AEE304DE0AB00220DC6 /* PBXContainerItemProxy */ = {
			isa = PBXContainerItemProxy;
			containerPortal = 7BFB7ACA304DE0A900220DC6 /* Project object */;
			proxyType = 1;
			remoteGlobalIDString = 7BFB7AD1304DE0A900220DC6;
			remoteInfo = Forward;
		};
/* End PBXContainerItemProxy section */

/* Begin PBXFileReference section */
		7BFB7C01304DE0AB00220DC6 /* Forward.xcconfig */ = {isa = PBXFileReference; lastKnownFileType = text.xcconfig; name = Forward.xcconfig; path = Config/Forward.xcconfig; sourceTree = "<group>"; };
		7BFB7AD2304DE0A900220DC6 /* Forward.app */ = {isa = PBXFileReference; explicitFileType = wrapper.application; includeInIndex = 0; path = Forward.app; sourceTree = BUILT_PRODUCTS_DIR; };
		7BFB7AE3304DE0AB00220DC6 /* ForwardTests.xctest */ = {isa = PBXFileReference; explicitFileType = wrapper.cfbundle; includeInIndex = 0; path = ForwardTests.xctest; sourceTree = BUILT_PRODUCTS_DIR; };
		7BFB7AED304DE0AB00220DC6 /* ForwardUITests.xctest */ = {isa = PBXFileReference; explicitFileType = wrapper.cfbundle; includeInIndex = 0; path = ForwardUITests.xctest; sourceTree = BUILT_PRODUCTS_DIR; };
/* End PBXFileReference section */

/* Begin PBXFileSystemSynchronizedBuildFileExceptionSet section */
		7BFB7AF5304DE0AB00220DC6 /* Exceptions for "Forward" folder in "Forward" target */ = {
			isa = PBXFileSystemSynchronizedBuildFileExceptionSet;
			membershipExceptions = (
				Info.plist,
			);
			target = 7BFB7AD1304DE0A900220DC6 /* Forward */;
		};
/* End PBXFileSystemSynchronizedBuildFileExceptionSet section */

/* Begin PBXFileSystemSynchronizedRootGroup section */
		7BFB7AD4304DE0A900220DC6 /* Forward */ = {
			isa = PBXFileSystemSynchronizedRootGroup;
			exceptions = (
				7BFB7AF5304DE0AB00220DC6 /* Exceptions for "Forward" folder in "Forward" target */,
			);
			path = Forward;
			sourceTree = "<group>";
		};
		7BFB7AE6304DE0AB00220DC6 /* ForwardTests */ = {
			isa = PBXFileSystemSynchronizedRootGroup;
			path = ForwardTests;
			sourceTree = "<group>";
		};
		7BFB7AF0304DE0AB00220DC6 /* ForwardUITests */ = {
			isa = PBXFileSystemSynchronizedRootGroup;
			path = ForwardUITests;
			sourceTree = "<group>";
		};
/* End PBXFileSystemSynchronizedRootGroup section */

/* Begin PBXFrameworksBuildPhase section */
		7BFB7ACF304DE0A900220DC6 /* Frameworks */ = {
			isa = PBXFrameworksBuildPhase;
			buildActionMask = 2147483647;
			files = (
			);
			runOnlyForDeploymentPostprocessing = 0;
		};
		7BFB7AE0304DE0AB00220DC6 /* Frameworks */ = {
			isa = PBXFrameworksBuildPhase;
			buildActionMask = 2147483647;
			files = (
			);
			runOnlyForDeploymentPostprocessing = 0;
		};
		7BFB7AEA304DE0AB00220DC6 /* Frameworks */ = {
			isa = PBXFrameworksBuildPhase;
			buildActionMask = 2147483647;
			files = (
			);
			runOnlyForDeploymentPostprocessing = 0;
		};
/* End PBXFrameworksBuildPhase section */

/* Begin PBXGroup section */
		7BFB7AC9304DE0A900220DC6 = {
			isa = PBXGroup;
			children = (
				7BFB7C01304DE0AB00220DC6 /* Forward.xcconfig */,
				7BFB7AD4304DE0A900220DC6 /* Forward */,
				7BFB7AE6304DE0AB00220DC6 /* ForwardTests */,
				7BFB7AF0304DE0AB00220DC6 /* ForwardUITests */,
				7BFB7AD3304DE0A900220DC6 /* Products */,
			);
			sourceTree = "<group>";
		};
		7BFB7AD3304DE0A900220DC6 /* Products */ = {
			isa = PBXGroup;
			children = (
				7BFB7AD2304DE0A900220DC6 /* Forward.app */,
				7BFB7AE3304DE0AB00220DC6 /* ForwardTests.xctest */,
				7BFB7AED304DE0AB00220DC6 /* ForwardUITests.xctest */,
			);
			name = Products;
			sourceTree = "<group>";
		};
/* End PBXGroup section */

/* Begin PBXNativeTarget section */
		7BFB7AD1304DE0A900220DC6 /* Forward */ = {
			isa = PBXNativeTarget;
			buildConfigurationList = 7BFB7AF6304DE0AB00220DC6 /* Build configuration list for PBXNativeTarget "Forward" */;
			buildPhases = (
				7BFB7ACE304DE0A900220DC6 /* Sources */,
				7BFB7ACF304DE0A900220DC6 /* Frameworks */,
				7BFB7AD0304DE0A900220DC6 /* Resources */,
			);
			buildRules = (
			);
			dependencies = (
			);
			fileSystemSynchronizedGroups = (
				7BFB7AD4304DE0A900220DC6 /* Forward */,
			);
			name = Forward;
			packageProductDependencies = (
			);
			productName = Forward;
			productReference = 7BFB7AD2304DE0A900220DC6 /* Forward.app */;
			productType = "com.apple.product-type.application";
		};
		7BFB7AE2304DE0AB00220DC6 /* ForwardTests */ = {
			isa = PBXNativeTarget;
			buildConfigurationList = 7BFB7AFB304DE0AB00220DC6 /* Build configuration list for PBXNativeTarget "ForwardTests" */;
			buildPhases = (
				7BFB7ADF304DE0AB00220DC6 /* Sources */,
				7BFB7AE0304DE0AB00220DC6 /* Frameworks */,
				7BFB7AE1304DE0AB00220DC6 /* Resources */,
			);
			buildRules = (
			);
			dependencies = (
				7BFB7AE5304DE0AB00220DC6 /* PBXTargetDependency */,
			);
			fileSystemSynchronizedGroups = (
				7BFB7AE6304DE0AB00220DC6 /* ForwardTests */,
			);
			name = ForwardTests;
			packageProductDependencies = (
			);
			productName = ForwardTests;
			productReference = 7BFB7AE3304DE0AB00220DC6 /* ForwardTests.xctest */;
			productType = "com.apple.product-type.bundle.unit-test";
		};
		7BFB7AEC304DE0AB00220DC6 /* ForwardUITests */ = {
			isa = PBXNativeTarget;
			buildConfigurationList = 7BFB7AFE304DE0AB00220DC6 /* Build configuration list for PBXNativeTarget "ForwardUITests" */;
			buildPhases = (
				7BFB7AE9304DE0AB00220DC6 /* Sources */,
				7BFB7AEA304DE0AB00220DC6 /* Frameworks */,
				7BFB7AEB304DE0AB00220DC6 /* Resources */,
			);
			buildRules = (
			);
			dependencies = (
				7BFB7AEF304DE0AB00220DC6 /* PBXTargetDependency */,
			);
			fileSystemSynchronizedGroups = (
				7BFB7AF0304DE0AB00220DC6 /* ForwardUITests */,
			);
			name = ForwardUITests;
			packageProductDependencies = (
			);
			productName = ForwardUITests;
			productReference = 7BFB7AED304DE0AB00220DC6 /* ForwardUITests.xctest */;
			productType = "com.apple.product-type.bundle.ui-testing";
		};
/* End PBXNativeTarget section */

/* Begin PBXProject section */
		7BFB7ACA304DE0A900220DC6 /* Project object */ = {
			isa = PBXProject;
			attributes = {
				BuildIndependentTargetsInParallel = 1;
				LastSwiftUpdateCheck = 2610;
				LastUpgradeCheck = 2610;
				TargetAttributes = {
					7BFB7AD1304DE0A900220DC6 = {
						CreatedOnToolsVersion = 26.1;
					};
					7BFB7AE2304DE0AB00220DC6 = {
						CreatedOnToolsVersion = 26.1;
						TestTargetID = 7BFB7AD1304DE0A900220DC6;
					};
					7BFB7AEC304DE0AB00220DC6 = {
						CreatedOnToolsVersion = 26.1;
						TestTargetID = 7BFB7AD1304DE0A900220DC6;
					};
				};
			};
			buildConfigurationList = 7BFB7ACD304DE0A900220DC6 /* Build configuration list for PBXProject "Forward" */;
			developmentRegion = en;
			hasScannedForEncodings = 0;
			knownRegions = (
				en,
				Base,
			);
			mainGroup = 7BFB7AC9304DE0A900220DC6;
			minimizedProjectReferenceProxies = 1;
			preferredProjectObjectVersion = 77;
			productRefGroup = 7BFB7AD3304DE0A900220DC6 /* Products */;
			projectDirPath = "";
			projectRoot = "";
			targets = (
				7BFB7AD1304DE0A900220DC6 /* Forward */,
				7BFB7AE2304DE0AB00220DC6 /* ForwardTests */,
				7BFB7AEC304DE0AB00220DC6 /* ForwardUITests */,
			);
		};
/* End PBXProject section */

/* Begin PBXResourcesBuildPhase section */
		7BFB7AD0304DE0A900220DC6 /* Resources */ = {
			isa = PBXResourcesBuildPhase;
			buildActionMask = 2147483647;
			files = (
			);
			runOnlyForDeploymentPostprocessing = 0;
		};
		7BFB7AE1304DE0AB00220DC6 /* Resources */ = {
			isa = PBXResourcesBuildPhase;
			buildActionMask = 2147483647;
			files = (
			);
			runOnlyForDeploymentPostprocessing = 0;
		};
		7BFB7AEB304DE0AB00220DC6 /* Resources */ = {
			isa = PBXResourcesBuildPhase;
			buildActionMask = 2147483647;
			files = (
			);
			runOnlyForDeploymentPostprocessing = 0;
		};
/* End PBXResourcesBuildPhase section */

/* Begin PBXSourcesBuildPhase section */
		7BFB7ACE304DE0A900220DC6 /* Sources */ = {
			isa = PBXSourcesBuildPhase;
			buildActionMask = 2147483647;
			files = (
			);
			runOnlyForDeploymentPostprocessing = 0;
		};
		7BFB7ADF304DE0AB00220DC6 /* Sources */ = {
			isa = PBXSourcesBuildPhase;
			buildActionMask = 2147483647;
			files = (
			);
			runOnlyForDeploymentPostprocessing = 0;
		};
		7BFB7AE9304DE0AB00220DC6 /* Sources */ = {
			isa = PBXSourcesBuildPhase;
			buildActionMask = 2147483647;
			files = (
			);
			runOnlyForDeploymentPostprocessing = 0;
		};
/* End PBXSourcesBuildPhase section */

/* Begin PBXTargetDependency section */
		7BFB7AE5304DE0AB00220DC6 /* PBXTargetDependency */ = {
			isa = PBXTargetDependency;
			target = 7BFB7AD1304DE0A900220DC6 /* Forward */;
			targetProxy = 7BFB7AE4304DE0AB00220DC6 /* PBXContainerItemProxy */;
		};
		7BFB7AEF304DE0AB00220DC6 /* PBXTargetDependency */ = {
			isa = PBXTargetDependency;
			target = 7BFB7AD1304DE0A900220DC6 /* Forward */;
			targetProxy = 7BFB7AEE304DE0AB00220DC6 /* PBXContainerItemProxy */;
		};
/* End PBXTargetDependency section */

/* Begin XCBuildConfiguration section */
		7BFB7AF7304DE0AB00220DC6 /* Debug */ = {
			isa = XCBuildConfiguration;
			buildSettings = {
				ASSETCATALOG_COMPILER_APPICON_NAME = AppIcon;
				ASSETCATALOG_COMPILER_GLOBAL_ACCENT_COLOR_NAME = AccentColor;
				CODE_SIGN_ENTITLEMENTS = Forward/Forward.entitlements;
				CODE_SIGN_IDENTITY = "Apple Development";
				CODE_SIGN_STYLE = Automatic;
				CURRENT_PROJECT_VERSION = 1;
				DEVELOPMENT_TEAM = "$(FORWARD_TEAM_ID)";
				ENABLE_PREVIEWS = YES;
				GENERATE_INFOPLIST_FILE = YES;
				INFOPLIST_FILE = Forward/Info.plist;
				INFOPLIST_KEY_UIApplicationSceneManifest_Generation = YES;
				INFOPLIST_KEY_UIApplicationSupportsIndirectInputEvents = YES;
				INFOPLIST_KEY_UILaunchScreen_Generation = YES;
				INFOPLIST_KEY_UISupportedInterfaceOrientations_iPad = "UIInterfaceOrientationPortrait UIInterfaceOrientationPortraitUpsideDown UIInterfaceOrientationLandscapeLeft UIInterfaceOrientationLandscapeRight";
				INFOPLIST_KEY_UISupportedInterfaceOrientations_iPhone = "UIInterfaceOrientationPortrait UIInterfaceOrientationLandscapeLeft UIInterfaceOrientationLandscapeRight";
				LD_RUNPATH_SEARCH_PATHS = (
					"$(inherited)",
					"@executable_path/Frameworks",
				);
				MARKETING_VERSION = 1.0;
				PRODUCT_BUNDLE_IDENTIFIER = "$(FORWARD_BUNDLE_ID)";
				PRODUCT_NAME = "$(TARGET_NAME)";
				PROVISIONING_PROFILE_SPECIFIER = "";
				STRING_CATALOG_GENERATE_SYMBOLS = YES;
				SWIFT_APPROACHABLE_CONCURRENCY = YES;
				SWIFT_DEFAULT_ACTOR_ISOLATION = MainActor;
				SWIFT_EMIT_LOC_STRINGS = YES;
				SWIFT_UPCOMING_FEATURE_MEMBER_IMPORT_VISIBILITY = YES;
				SWIFT_VERSION = 5.0;
				TARGETED_DEVICE_FAMILY = "1,2";
			};
			name = Debug;
		};
		7BFB7AF8304DE0AB00220DC6 /* Release */ = {
			isa = XCBuildConfiguration;
			buildSettings = {
				ASSETCATALOG_COMPILER_APPICON_NAME = AppIcon;
				ASSETCATALOG_COMPILER_GLOBAL_ACCENT_COLOR_NAME = AccentColor;
				CODE_SIGN_ENTITLEMENTS = Forward/Forward.entitlements;
				CODE_SIGN_IDENTITY = "Apple Development";
				CODE_SIGN_STYLE = Automatic;
				CURRENT_PROJECT_VERSION = 1;
				DEVELOPMENT_TEAM = "$(FORWARD_TEAM_ID)";
				ENABLE_PREVIEWS = YES;
				GENERATE_INFOPLIST_FILE = YES;
				INFOPLIST_FILE = Forward/Info.plist;
				INFOPLIST_KEY_UIApplicationSceneManifest_Generation = YES;
				INFOPLIST_KEY_UIApplicationSupportsIndirectInputEvents = YES;
				INFOPLIST_KEY_UILaunchScreen_Generation = YES;
				INFOPLIST_KEY_UISupportedInterfaceOrientations_iPad = "UIInterfaceOrientationPortrait UIInterfaceOrientationPortraitUpsideDown UIInterfaceOrientationLandscapeLeft UIInterfaceOrientationLandscapeRight";
				INFOPLIST_KEY_UISupportedInterfaceOrientations_iPhone = "UIInterfaceOrientationPortrait UIInterfaceOrientationLandscapeLeft UIInterfaceOrientationLandscapeRight";
				LD_RUNPATH_SEARCH_PATHS = (
					"$(inherited)",
					"@executable_path/Frameworks",
				);
				MARKETING_VERSION = 1.0;
				PRODUCT_BUNDLE_IDENTIFIER = "$(FORWARD_BUNDLE_ID)";
				PRODUCT_NAME = "$(TARGET_NAME)";
				PROVISIONING_PROFILE_SPECIFIER = "";
				STRING_CATALOG_GENERATE_SYMBOLS = YES;
				SWIFT_APPROACHABLE_CONCURRENCY = YES;
				SWIFT_DEFAULT_ACTOR_ISOLATION = MainActor;
				SWIFT_EMIT_LOC_STRINGS = YES;
				SWIFT_UPCOMING_FEATURE_MEMBER_IMPORT_VISIBILITY = YES;
				SWIFT_VERSION = 5.0;
				TARGETED_DEVICE_FAMILY = "1,2";
			};
			name = Release;
		};
		7BFB7AF9304DE0AB00220DC6 /* Debug */ = {
			isa = XCBuildConfiguration;
			baseConfigurationReference = 7BFB7C01304DE0AB00220DC6 /* Forward.xcconfig */;
			buildSettings = {
				ALWAYS_SEARCH_USER_PATHS = NO;
				ASSETCATALOG_COMPILER_GENERATE_SWIFT_ASSET_SYMBOL_EXTENSIONS = YES;
				CLANG_ANALYZER_NONNULL = YES;
				CLANG_ANALYZER_NUMBER_OBJECT_CONVERSION = YES_AGGRESSIVE;
				CLANG_CXX_LANGUAGE_STANDARD = "gnu++20";
				CLANG_ENABLE_MODULES = YES;
				CLANG_ENABLE_OBJC_ARC = YES;
				CLANG_ENABLE_OBJC_WEAK = YES;
				CLANG_WARN_BLOCK_CAPTURE_AUTORELEASING = YES;
				CLANG_WARN_BOOL_CONVERSION = YES;
				CLANG_WARN_COMMA = YES;
				CLANG_WARN_CONSTANT_CONVERSION = YES;
				CLANG_WARN_DEPRECATED_OBJC_IMPLEMENTATIONS = YES;
				CLANG_WARN_DIRECT_OBJC_ISA_USAGE = YES_ERROR;
				CLANG_WARN_DOCUMENTATION_COMMENTS = YES;
				CLANG_WARN_EMPTY_BODY = YES;
				CLANG_WARN_ENUM_CONVERSION = YES;
				CLANG_WARN_INFINITE_RECURSION = YES;
				CLANG_WARN_INT_CONVERSION = YES;
				CLANG_WARN_NON_LITERAL_NULL_CONVERSION = YES;
				CLANG_WARN_OBJC_IMPLICIT_RETAIN_SELF = YES;
				CLANG_WARN_OBJC_LITERAL_CONVERSION = YES;
				CLANG_WARN_OBJC_ROOT_CLASS = YES_ERROR;
				CLANG_WARN_QUOTED_INCLUDE_IN_FRAMEWORK_HEADER = YES;
				CLANG_WARN_RANGE_LOOP_ANALYSIS = YES;
				CLANG_WARN_STRICT_PROTOTYPES = YES;
				CLANG_WARN_SUSPICIOUS_MOVE = YES;
				CLANG_WARN_UNGUARDED_AVAILABILITY = YES_AGGRESSIVE;
				CLANG_WARN_UNREACHABLE_CODE = YES;
				CLANG_WARN__DUPLICATE_METHOD_MATCH = YES;
				COPY_PHASE_STRIP = NO;
				DEBUG_INFORMATION_FORMAT = dwarf;
				DEVELOPMENT_TEAM = "$(FORWARD_TEAM_ID)";
				ENABLE_STRICT_OBJC_MSGSEND = YES;
				ENABLE_TESTABILITY = YES;
				ENABLE_USER_SCRIPT_SANDBOXING = YES;
				GCC_C_LANGUAGE_STANDARD = gnu17;
				GCC_DYNAMIC_NO_PIC = NO;
				GCC_NO_COMMON_BLOCKS = YES;
				GCC_OPTIMIZATION_LEVEL = 0;
				GCC_PREPROCESSOR_DEFINITIONS = (
					"DEBUG=1",
					"$(inherited)",
				);
				GCC_WARN_64_TO_32_BIT_CONVERSION = YES;
				GCC_WARN_ABOUT_RETURN_TYPE = YES_ERROR;
				GCC_WARN_UNDECLARED_SELECTOR = YES;
				GCC_WARN_UNINITIALIZED_AUTOS = YES_AGGRESSIVE;
				GCC_WARN_UNUSED_FUNCTION = YES;
				GCC_WARN_UNUSED_VARIABLE = YES;
				IPHONEOS_DEPLOYMENT_TARGET = 26.1;
				LOCALIZATION_PREFERS_STRING_CATALOGS = YES;
				MTL_ENABLE_DEBUG_INFO = INCLUDE_SOURCE;
				MTL_FAST_MATH = YES;
				ONLY_ACTIVE_ARCH = YES;
				SDKROOT = iphoneos;
				SWIFT_ACTIVE_COMPILATION_CONDITIONS = "DEBUG $(inherited)";
				SWIFT_OPTIMIZATION_LEVEL = "-Onone";
			};
			name = Debug;
		};
		7BFB7AFA304DE0AB00220DC6 /* Release */ = {
			isa = XCBuildConfiguration;
			baseConfigurationReference = 7BFB7C01304DE0AB00220DC6 /* Forward.xcconfig */;
			buildSettings = {
				ALWAYS_SEARCH_USER_PATHS = NO;
				ASSETCATALOG_COMPILER_GENERATE_SWIFT_ASSET_SYMBOL_EXTENSIONS = YES;
				CLANG_ANALYZER_NONNULL = YES;
				CLANG_ANALYZER_NUMBER_OBJECT_CONVERSION = YES_AGGRESSIVE;
				CLANG_CXX_LANGUAGE_STANDARD = "gnu++20";
				CLANG_ENABLE_MODULES = YES;
				CLANG_ENABLE_OBJC_ARC = YES;
				CLANG_ENABLE_OBJC_WEAK = YES;
				CLANG_WARN_BLOCK_CAPTURE_AUTORELEASING = YES;
				CLANG_WARN_BOOL_CONVERSION = YES;
				CLANG_WARN_COMMA = YES;
				CLANG_WARN_CONSTANT_CONVERSION = YES;
				CLANG_WARN_DEPRECATED_OBJC_IMPLEMENTATIONS = YES;
				CLANG_WARN_DIRECT_OBJC_ISA_USAGE = YES_ERROR;
				CLANG_WARN_DOCUMENTATION_COMMENTS = YES;
				CLANG_WARN_EMPTY_BODY = YES;
				CLANG_WARN_ENUM_CONVERSION = YES;
				CLANG_WARN_INFINITE_RECURSION = YES;
				CLANG_WARN_INT_CONVERSION = YES;
				CLANG_WARN_NON_LITERAL_NULL_CONVERSION = YES;
				CLANG_WARN_OBJC_IMPLICIT_RETAIN_SELF = YES;
				CLANG_WARN_OBJC_LITERAL_CONVERSION = YES;
				CLANG_WARN_OBJC_ROOT_CLASS = YES_ERROR;
				CLANG_WARN_QUOTED_INCLUDE_IN_FRAMEWORK_HEADER = YES;
				CLANG_WARN_RANGE_LOOP_ANALYSIS = YES;
				CLANG_WARN_STRICT_PROTOTYPES = YES;
				CLANG_WARN_SUSPICIOUS_MOVE = YES;
				CLANG_WARN_UNGUARDED_AVAILABILITY = YES_AGGRESSIVE;
				CLANG_WARN_UNREACHABLE_CODE = YES;
				CLANG_WARN__DUPLICATE_METHOD_MATCH = YES;
				COPY_PHASE_STRIP = NO;
				DEBUG_INFORMATION_FORMAT = "dwarf-with-dsym";
				DEVELOPMENT_TEAM = "$(FORWARD_TEAM_ID)";
				ENABLE_NS_ASSERTIONS = NO;
				ENABLE_STRICT_OBJC_MSGSEND = YES;
				ENABLE_USER_SCRIPT_SANDBOXING = YES;
				GCC_C_LANGUAGE_STANDARD = gnu17;
				GCC_NO_COMMON_BLOCKS = YES;
				GCC_WARN_64_TO_32_BIT_CONVERSION = YES;
				GCC_WARN_ABOUT_RETURN_TYPE = YES_ERROR;
				GCC_WARN_UNDECLARED_SELECTOR = YES;
				GCC_WARN_UNINITIALIZED_AUTOS = YES_AGGRESSIVE;
				GCC_WARN_UNUSED_FUNCTION = YES;
				GCC_WARN_UNUSED_VARIABLE = YES;
				IPHONEOS_DEPLOYMENT_TARGET = 26.1;
				LOCALIZATION_PREFERS_STRING_CATALOGS = YES;
				MTL_ENABLE_DEBUG_INFO = NO;
				MTL_FAST_MATH = YES;
				SDKROOT = iphoneos;
				SWIFT_COMPILATION_MODE = wholemodule;
				VALIDATE_PRODUCT = YES;
			};
			name = Release;
		};
		7BFB7AFC304DE0AB00220DC6 /* Debug */ = {
			isa = XCBuildConfiguration;
			buildSettings = {
				BUNDLE_LOADER = "$(TEST_HOST)";
				CODE_SIGN_STYLE = Automatic;
				CURRENT_PROJECT_VERSION = 1;
				DEVELOPMENT_TEAM = "$(FORWARD_TEAM_ID)";
				GENERATE_INFOPLIST_FILE = YES;
				IPHONEOS_DEPLOYMENT_TARGET = 26.1;
				MARKETING_VERSION = 1.0;
				PRODUCT_BUNDLE_IDENTIFIER = "$(FORWARD_BUNDLE_ID)Tests";
				PRODUCT_NAME = "$(TARGET_NAME)";
				STRING_CATALOG_GENERATE_SYMBOLS = NO;
				SWIFT_APPROACHABLE_CONCURRENCY = YES;
				SWIFT_EMIT_LOC_STRINGS = NO;
				SWIFT_UPCOMING_FEATURE_MEMBER_IMPORT_VISIBILITY = YES;
				SWIFT_VERSION = 5.0;
				TARGETED_DEVICE_FAMILY = "1,2";
				TEST_HOST = "$(BUILT_PRODUCTS_DIR)/Forward.app/$(BUNDLE_EXECUTABLE_FOLDER_PATH)/Forward";
			};
			name = Debug;
		};
		7BFB7AFD304DE0AB00220DC6 /* Release */ = {
			isa = XCBuildConfiguration;
			buildSettings = {
				BUNDLE_LOADER = "$(TEST_HOST)";
				CODE_SIGN_STYLE = Automatic;
				CURRENT_PROJECT_VERSION = 1;
				DEVELOPMENT_TEAM = "$(FORWARD_TEAM_ID)";
				GENERATE_INFOPLIST_FILE = YES;
				IPHONEOS_DEPLOYMENT_TARGET = 26.1;
				MARKETING_VERSION = 1.0;
				PRODUCT_BUNDLE_IDENTIFIER = "$(FORWARD_BUNDLE_ID)Tests";
				PRODUCT_NAME = "$(TARGET_NAME)";
				STRING_CATALOG_GENERATE_SYMBOLS = NO;
				SWIFT_APPROACHABLE_CONCURRENCY = YES;
				SWIFT_EMIT_LOC_STRINGS = NO;
				SWIFT_UPCOMING_FEATURE_MEMBER_IMPORT_VISIBILITY = YES;
				SWIFT_VERSION = 5.0;
				TARGETED_DEVICE_FAMILY = "1,2";
				TEST_HOST = "$(BUILT_PRODUCTS_DIR)/Forward.app/$(BUNDLE_EXECUTABLE_FOLDER_PATH)/Forward";
			};
			name = Release;
		};
		7BFB7AFF304DE0AB00220DC6 /* Debug */ = {
			isa = XCBuildConfiguration;
			buildSettings = {
				CODE_SIGN_STYLE = Automatic;
				CURRENT_PROJECT_VERSION = 1;
				DEVELOPMENT_TEAM = "$(FORWARD_TEAM_ID)";
				GENERATE_INFOPLIST_FILE = YES;
				MARKETING_VERSION = 1.0;
				PRODUCT_BUNDLE_IDENTIFIER = "$(FORWARD_BUNDLE_ID)UITests";
				PRODUCT_NAME = "$(TARGET_NAME)";
				STRING_CATALOG_GENERATE_SYMBOLS = NO;
				SWIFT_APPROACHABLE_CONCURRENCY = YES;
				SWIFT_EMIT_LOC_STRINGS = NO;
				SWIFT_UPCOMING_FEATURE_MEMBER_IMPORT_VISIBILITY = YES;
				SWIFT_VERSION = 5.0;
				TARGETED_DEVICE_FAMILY = "1,2";
				TEST_TARGET_NAME = Forward;
			};
			name = Debug;
		};
		7BFB7B00304DE0AB00220DC6 /* Release */ = {
			isa = XCBuildConfiguration;
			buildSettings = {
				CODE_SIGN_STYLE = Automatic;
				CURRENT_PROJECT_VERSION = 1;
				DEVELOPMENT_TEAM = "$(FORWARD_TEAM_ID)";
				GENERATE_INFOPLIST_FILE = YES;
				MARKETING_VERSION = 1.0;
				PRODUCT_BUNDLE_IDENTIFIER = "$(FORWARD_BUNDLE_ID)UITests";
				PRODUCT_NAME = "$(TARGET_NAME)";
				STRING_CATALOG_GENERATE_SYMBOLS = NO;
				SWIFT_APPROACHABLE_CONCURRENCY = YES;
				SWIFT_EMIT_LOC_STRINGS = NO;
				SWIFT_UPCOMING_FEATURE_MEMBER_IMPORT_VISIBILITY = YES;
				SWIFT_VERSION = 5.0;
				TARGETED_DEVICE_FAMILY = "1,2";
				TEST_TARGET_NAME = Forward;
			};
			name = Release;
		};
/* End XCBuildConfiguration section */

/* Begin XCConfigurationList section */
		7BFB7ACD304DE0A900220DC6 /* Build configuration list for PBXProject "Forward" */ = {
			isa = XCConfigurationList;
			buildConfigurations = (
				7BFB7AF9304DE0AB00220DC6 /* Debug */,
				7BFB7AFA304DE0AB00220DC6 /* Release */,
			);
			defaultConfigurationIsVisible = 0;
			defaultConfigurationName = Release;
		};
		7BFB7AF6304DE0AB00220DC6 /* Build configuration list for PBXNativeTarget "Forward" */ = {
			isa = XCConfigurationList;
			buildConfigurations = (
				7BFB7AF7304DE0AB00220DC6 /* Debug */,
				7BFB7AF8304DE0AB00220DC6 /* Release */,
			);
			defaultConfigurationIsVisible = 0;
			defaultConfigurationName = Release;
		};
		7BFB7AFB304DE0AB00220DC6 /* Build configuration list for PBXNativeTarget "ForwardTests" */ = {
			isa = XCConfigurationList;
			buildConfigurations = (
				7BFB7AFC304DE0AB00220DC6 /* Debug */,
				7BFB7AFD304DE0AB00220DC6 /* Release */,
			);
			defaultConfigurationIsVisible = 0;
			defaultConfigurationName = Release;
		};
		7BFB7AFE304DE0AB00220DC6 /* Build configuration list for PBXNativeTarget "ForwardUITests" */ = {
			isa = XCConfigurationList;
			buildConfigurations = (
				7BFB7AFF304DE0AB00220DC6 /* Debug */,
				7BFB7B00304DE0AB00220DC6 /* Release */,
			);
			defaultConfigurationIsVisible = 0;
			defaultConfigurationName = Release;
		};
/* End XCConfigurationList section */
	};
	rootObject = 7BFB7ACA304DE0A900220DC6 /* Project object */;
}
